// !$*UTF8*$!
{
	archiveVersion = 1;
	classes = {
	};
	objectVersion = 46;
	objects = {

/* Begin PBXBuildFile section */
		734287C77E3835621CE80849 /* Pods_BNForm.framework in Frameworks */ = {isa = PBXBuildFile; fileRef = 94CD1F25D7DEBCD5E0B91155 /* Pods_BNForm.framework */; };
		B8D7AB5068E234025CC20650 /* Pods_BNFormTests.framework in Frameworks */ = {isa = PBXBuildFile; fileRef = E223D2708CA7416ACA816F78 /* Pods_BNFormTests.framework */; };
		C478A3F24CDF5FF6748FC5E3 /* Pods_BNFormUITests.framework in Frameworks */ = {isa = PBXBuildFile; fileRef = 578C60F7949784B9E18EE18C /* Pods_BNFormUITests.framework */; };
		C81D25521F87F76C0079BC20 /* ProductSvc.swift in Sources */ = {isa = PBXBuildFile; fileRef = C81D25511F87F76C0079BC20 /* ProductSvc.swift */; };
		C81D25541F87F7860079BC20 /* ProductSvcCache.swift in Sources */ = {isa = PBXBuildFile; fileRef = C81D25531F87F7860079BC20 /* ProductSvcCache.swift */; };
		C81D25561F87FE7F0079BC20 /* RecallSvc.swift in Sources */ = {isa = PBXBuildFile; fileRef = C81D25551F87FE7F0079BC20 /* RecallSvc.swift */; };
		C81D25581F87FE910079BC20 /* RecallSvcCache.swift in Sources */ = {isa = PBXBuildFile; fileRef = C81D25571F87FE910079BC20 /* RecallSvcCache.swift */; };
		C81D25601F8A8E7D0079BC20 /* ScanViewController.swift in Sources */ = {isa = PBXBuildFile; fileRef = C81D255F1F8A8E7D0079BC20 /* ScanViewController.swift */; };
		C81D25621F8ADB540079BC20 /* dummy.txt in Resources */ = {isa = PBXBuildFile; fileRef = C81D25611F8ADB540079BC20 /* dummy.txt */; };
		C81D25641F8AF0BB0079BC20 /* ReportViewController.swift in Sources */ = {isa = PBXBuildFile; fileRef = C81D25631F8AF0BB0079BC20 /* ReportViewController.swift */; };
		C81F09A21F871EA1009FBE93 /* ProductController.swift in Sources */ = {isa = PBXBuildFile; fileRef = C81F09A11F871EA1009FBE93 /* ProductController.swift */; };
		C88272C91F85A58E006589DD /* AppDelegate.swift in Sources */ = {isa = PBXBuildFile; fileRef = C88272C81F85A58E006589DD /* AppDelegate.swift */; };
		C88272CB1F85A58E006589DD /* ViewController.swift in Sources */ = {isa = PBXBuildFile; fileRef = C88272CA1F85A58E006589DD /* ViewController.swift */; };
		C88272CE1F85A58E006589DD /* Main.storyboard in Resources */ = {isa = PBXBuildFile; fileRef = C88272CC1F85A58E006589DD /* Main.storyboard */; };
		C88272D01F85A58E006589DD /* Assets.xcassets in Resources */ = {isa = PBXBuildFile; fileRef = C88272CF1F85A58E006589DD /* Assets.xcassets */; };
		C88272D31F85A58E006589DD /* LaunchScreen.storyboard in Resources */ = {isa = PBXBuildFile; fileRef = C88272D11F85A58E006589DD /* LaunchScreen.storyboard */; };
		C88272DE1F85A58E006589DD /* BNFormTests.swift in Sources */ = {isa = PBXBuildFile; fileRef = C88272DD1F85A58E006589DD /* BNFormTests.swift */; };
		C88272E91F85A58E006589DD /* BNFormUITests.swift in Sources */ = {isa = PBXBuildFile; fileRef = C88272E81F85A58E006589DD /* BNFormUITests.swift */; };
		C88272F71F85A729006589DD /* GoogleService-Info.plist in Resources */ = {isa = PBXBuildFile; fileRef = C88272F61F85A729006589DD /* GoogleService-Info.plist */; };
		C88503AB1F8B4397000577F1 /* SafetyPopUp.swift in Sources */ = {isa = PBXBuildFile; fileRef = C88503AA1F8B4397000577F1 /* SafetyPopUp.swift */; };
		C88503AD1F8B43A9000577F1 /* RecallPopUp.swift in Sources */ = {isa = PBXBuildFile; fileRef = C88503AC1F8B43A9000577F1 /* RecallPopUp.swift */; };
		C8F27FCA1F873E490061DF05 /* RecallProducts.swift in Sources */ = {isa = PBXBuildFile; fileRef = C8F27FC91F873E490061DF05 /* RecallProducts.swift */; };
		C8F27FCC1F8741C10061DF05 /* SafeProducts.swift in Sources */ = {isa = PBXBuildFile; fileRef = C8F27FCB1F8741C10061DF05 /* SafeProducts.swift */; };
/* End PBXBuildFile section */

/* Begin PBXContainerItemProxy section */
		C88272DA1F85A58E006589DD /* PBXContainerItemProxy */ = {
			isa = PBXContainerItemProxy;
			containerPortal = C88272BD1F85A58E006589DD /* Project object */;
			proxyType = 1;
			remoteGlobalIDString = C88272C41F85A58E006589DD;
			remoteInfo = BNForm;
		};
		C88272E51F85A58E006589DD /* PBXContainerItemProxy */ = {
			isa = PBXContainerItemProxy;
			containerPortal = C88272BD1F85A58E006589DD /* Project object */;
			proxyType = 1;
			remoteGlobalIDString = C88272C41F85A58E006589DD;
			remoteInfo = BNForm;
		};
/* End PBXContainerItemProxy section */

/* Begin PBXFileReference section */
		164BD71FEFD3F52C3AC98EA0 /* Pods-BNFormTests.debug.xcconfig */ = {isa = PBXFileReference; includeInIndex = 1; lastKnownFileType = text.xcconfig; name = "Pods-BNFormTests.debug.xcconfig"; path = "Pods/Target Support Files/Pods-BNFormTests/Pods-BNFormTests.debug.xcconfig"; sourceTree = "<group>"; };
		2818DE923EDFFD9B957A3FB8 /* Pods-BNForm.release.xcconfig */ = {isa = PBXFileReference; includeInIndex = 1; lastKnownFileType = text.xcconfig; name = "Pods-BNForm.release.xcconfig"; path = "Pods/Target Support Files/Pods-BNForm/Pods-BNForm.release.xcconfig"; sourceTree = "<group>"; };
		3B2095F631D38B17C96ECD97 /* Pods-BNFormUITests.debug.xcconfig */ = {isa = PBXFileReference; includeInIndex = 1; lastKnownFileType = text.xcconfig; name = "Pods-BNFormUITests.debug.xcconfig"; path = "Pods/Target Support Files/Pods-BNFormUITests/Pods-BNFormUITests.debug.xcconfig"; sourceTree = "<group>"; };
		578C60F7949784B9E18EE18C /* Pods_BNFormUITests.framework */ = {isa = PBXFileReference; explicitFileType = wrapper.framework; includeInIndex = 0; path = Pods_BNFormUITests.framework; sourceTree = BUILT_PRODUCTS_DIR; };
		77FB8A9E5172CBFB33CFF521 /* Pods-BNFormUITests.release.xcconfig */ = {isa = PBXFileReference; includeInIndex = 1; lastKnownFileType = text.xcconfig; name = "Pods-BNFormUITests.release.xcconfig"; path = "Pods/Target Support Files/Pods-BNFormUITests/Pods-BNFormUITests.release.xcconfig"; sourceTree = "<group>"; };
		94CD1F25D7DEBCD5E0B91155 /* Pods_BNForm.framework */ = {isa = PBXFileReference; explicitFileType = wrapper.framework; includeInIndex = 0; path = Pods_BNForm.framework; sourceTree = BUILT_PRODUCTS_DIR; };
		C7BBAA5877F6B14020DAB24A /* Pods-BNForm.debug.xcconfig */ = {isa = PBXFileReference; includeInIndex = 1; lastKnownFileType = text.xcconfig; name = "Pods-BNForm.debug.xcconfig"; path = "Pods/Target Support Files/Pods-BNForm/Pods-BNForm.debug.xcconfig"; sourceTree = "<group>"; };
		C81D25511F87F76C0079BC20 /* ProductSvc.swift */ = {isa = PBXFileReference; fileEncoding = 4; lastKnownFileType = sourcecode.swift; path = ProductSvc.swift; sourceTree = "<group>"; };
		C81D25531F87F7860079BC20 /* ProductSvcCache.swift */ = {isa = PBXFileReference; fileEncoding = 4; lastKnownFileType = sourcecode.swift; path = ProductSvcCache.swift; sourceTree = "<group>"; };
		C81D25551F87FE7F0079BC20 /* RecallSvc.swift */ = {isa = PBXFileReference; fileEncoding = 4; lastKnownFileType = sourcecode.swift; path = RecallSvc.swift; sourceTree = "<group>"; };
		C81D25571F87FE910079BC20 /* RecallSvcCache.swift */ = {isa = PBXFileReference; fileEncoding = 4; lastKnownFileType = sourcecode.swift; path = RecallSvcCache.swift; sourceTree = "<group>"; };
		C81D255F1F8A8E7D0079BC20 /* ScanViewController.swift */ = {isa = PBXFileReference; fileEncoding = 4; lastKnownFileType = sourcecode.swift; path = ScanViewController.swift; sourceTree = "<group>"; };
		C81D25611F8ADB540079BC20 /* dummy.txt */ = {isa = PBXFileReference; fileEncoding = 4; lastKnownFileType = text; path = dummy.txt; sourceTree = "<group>"; };
		C81D25631F8AF0BB0079BC20 /* ReportViewController.swift */ = {isa = PBXFileReference; fileEncoding = 4; lastKnownFileType = sourcecode.swift; path = ReportViewController.swift; sourceTree = "<group>"; };
		C81F099C1F8610DB009FBE93 /* BNForm.entitlements */ = {isa = PBXFileReference; lastKnownFileType = text.plist.entitlements; path = BNForm.entitlements; sourceTree = "<group>"; };
		C81F09A11F871EA1009FBE93 /* ProductController.swift */ = {isa = PBXFileReference; fileEncoding = 4; lastKnownFileType = sourcecode.swift; path = ProductController.swift; sourceTree = "<group>"; };
		C88272C51F85A58E006589DD /* BNForm.app */ = {isa = PBXFileReference; explicitFileType = wrapper.application; includeInIndex = 0; path = BNForm.app; sourceTree = BUILT_PRODUCTS_DIR; };
		C88272C81F85A58E006589DD /* AppDelegate.swift */ = {isa = PBXFileReference; lastKnownFileType = sourcecode.swift; path = AppDelegate.swift; sourceTree = "<group>"; };
		C88272CA1F85A58E006589DD /* ViewController.swift */ = {isa = PBXFileReference; lastKnownFileType = sourcecode.swift; path = ViewController.swift; sourceTree = "<group>"; };
		C88272CD1F85A58E006589DD /* Base */ = {isa = PBXFileReference; lastKnownFileType = file.storyboard; name = Base; path = Base.lproj/Main.storyboard; sourceTree = "<group>"; };
		C88272CF1F85A58E006589DD /* Assets.xcassets */ = {isa = PBXFileReference; lastKnownFileType = folder.assetcatalog; path = Assets.xcassets; sourceTree = "<group>"; };
		C88272D21F85A58E006589DD /* Base */ = {isa = PBXFileReference; lastKnownFileType = file.storyboard; name = Base; path = Base.lproj/LaunchScreen.storyboard; sourceTree = "<group>"; };
		C88272D41F85A58E006589DD /* Info.plist */ = {isa = PBXFileReference; lastKnownFileType = text.plist.xml; path = Info.plist; sourceTree = "<group>"; };
		C88272D91F85A58E006589DD /* BNFormTests.xctest */ = {isa = PBXFileReference; explicitFileType = wrapper.cfbundle; includeInIndex = 0; path = BNFormTests.xctest; sourceTree = BUILT_PRODUCTS_DIR; };
		C88272DD1F85A58E006589DD /* BNFormTests.swift */ = {isa = PBXFileReference; lastKnownFileType = sourcecode.swift; path = BNFormTests.swift; sourceTree = "<group>"; };
		C88272DF1F85A58E006589DD /* Info.plist */ = {isa = PBXFileReference; lastKnownFileType = text.plist.xml; path = Info.plist; sourceTree = "<group>"; };
		C88272E41F85A58E006589DD /* BNFormUITests.xctest */ = {isa = PBXFileReference; explicitFileType = wrapper.cfbundle; includeInIndex = 0; path = BNFormUITests.xctest; sourceTree = BUILT_PRODUCTS_DIR; };
		C88272E81F85A58E006589DD /* BNFormUITests.swift */ = {isa = PBXFileReference; lastKnownFileType = sourcecode.swift; path = BNFormUITests.swift; sourceTree = "<group>"; };
		C88272EA1F85A58E006589DD /* Info.plist */ = {isa = PBXFileReference; lastKnownFileType = text.plist.xml; path = Info.plist; sourceTree = "<group>"; };
		C88272F61F85A729006589DD /* GoogleService-Info.plist */ = {isa = PBXFileReference; fileEncoding = 4; lastKnownFileType = text.plist.xml; path = "GoogleService-Info.plist"; sourceTree = "<group>"; };
		C88503AA1F8B4397000577F1 /* SafetyPopUp.swift */ = {isa = PBXFileReference; fileEncoding = 4; lastKnownFileType = sourcecode.swift; path = SafetyPopUp.swift; sourceTree = "<group>"; };
		C88503AC1F8B43A9000577F1 /* RecallPopUp.swift */ = {isa = PBXFileReference; fileEncoding = 4; lastKnownFileType = sourcecode.swift; path = RecallPopUp.swift; sourceTree = "<group>"; };
		C8F27FC91F873E490061DF05 /* RecallProducts.swift */ = {isa = PBXFileReference; fileEncoding = 4; lastKnownFileType = sourcecode.swift; path = RecallProducts.swift; sourceTree = "<group>"; };
		C8F27FCB1F8741C10061DF05 /* SafeProducts.swift */ = {isa = PBXFileReference; fileEncoding = 4; lastKnownFileType = sourcecode.swift; path = SafeProducts.swift; sourceTree = "<group>"; };
		DCE7CE3422323D5F74EA0AB6 /* Pods-BNFormTests.release.xcconfig */ = {isa = PBXFileReference; includeInIndex = 1; lastKnownFileType = text.xcconfig; name = "Pods-BNFormTests.release.xcconfig"; path = "Pods/Target Support Files/Pods-BNFormTests/Pods-BNFormTests.release.xcconfig"; sourceTree = "<group>"; };
		E223D2708CA7416ACA816F78 /* Pods_BNFormTests.framework */ = {isa = PBXFileReference; explicitFileType = wrapper.framework; includeInIndex = 0; path = Pods_BNFormTests.framework; sourceTree = BUILT_PRODUCTS_DIR; };
/* End PBXFileReference section */

/* Begin PBXFrameworksBuildPhase section */
		C88272C21F85A58E006589DD /* Frameworks */ = {
			isa = PBXFrameworksBuildPhase;
			buildActionMask = 2147483647;
			files = (
				734287C77E3835621CE80849 /* Pods_BNForm.framework in Frameworks */,
			);
			runOnlyForDeploymentPostprocessing = 0;
		};
		C88272D61F85A58E006589DD /* Frameworks */ = {
			isa = PBXFrameworksBuildPhase;
			buildActionMask = 2147483647;
			files = (
				B8D7AB5068E234025CC20650 /* Pods_BNFormTests.framework in Frameworks */,
			);
			runOnlyForDeploymentPostprocessing = 0;
		};
		C88272E11F85A58E006589DD /* Frameworks */ = {
			isa = PBXFrameworksBuildPhase;
			buildActionMask = 2147483647;
			files = (
				C478A3F24CDF5FF6748FC5E3 /* Pods_BNFormUITests.framework in Frameworks */,
			);
			runOnlyForDeploymentPostprocessing = 0;
		};
/* End PBXFrameworksBuildPhase section */

/* Begin PBXGroup section */
		2CFBA9F0EA53910118EE8807 /* Pods */ = {
			isa = PBXGroup;
			children = (
				C7BBAA5877F6B14020DAB24A /* Pods-BNForm.debug.xcconfig */,
				2818DE923EDFFD9B957A3FB8 /* Pods-BNForm.release.xcconfig */,
				164BD71FEFD3F52C3AC98EA0 /* Pods-BNFormTests.debug.xcconfig */,
				DCE7CE3422323D5F74EA0AB6 /* Pods-BNFormTests.release.xcconfig */,
				3B2095F631D38B17C96ECD97 /* Pods-BNFormUITests.debug.xcconfig */,
				77FB8A9E5172CBFB33CFF521 /* Pods-BNFormUITests.release.xcconfig */,
			);
			name = Pods;
			sourceTree = "<group>";
		};
		9A7771490C4112E06B7D42E7 /* Frameworks */ = {
			isa = PBXGroup;
			children = (
				94CD1F25D7DEBCD5E0B91155 /* Pods_BNForm.framework */,
				E223D2708CA7416ACA816F78 /* Pods_BNFormTests.framework */,
				578C60F7949784B9E18EE18C /* Pods_BNFormUITests.framework */,
			);
			name = Frameworks;
			sourceTree = "<group>";
		};
		C88272BC1F85A58E006589DD = {
			isa = PBXGroup;
			children = (
				C88272C71F85A58E006589DD /* BNForm */,
				C88272DC1F85A58E006589DD /* BNFormTests */,
				C88272E71F85A58E006589DD /* BNFormUITests */,
				C88272C61F85A58E006589DD /* Products */,
				2CFBA9F0EA53910118EE8807 /* Pods */,
				9A7771490C4112E06B7D42E7 /* Frameworks */,
			);
			sourceTree = "<group>";
		};
		C88272C61F85A58E006589DD /* Products */ = {
			isa = PBXGroup;
			children = (
				C88272C51F85A58E006589DD /* BNForm.app */,
				C88272D91F85A58E006589DD /* BNFormTests.xctest */,
				C88272E41F85A58E006589DD /* BNFormUITests.xctest */,
			);
			name = Products;
			sourceTree = "<group>";
		};
		C88272C71F85A58E006589DD /* BNForm */ = {
			isa = PBXGroup;
			children = (
				C8F27FC61F873DA00061DF05 /* Model */,
				C81F099C1F8610DB009FBE93 /* BNForm.entitlements */,
				C88272C81F85A58E006589DD /* AppDelegate.swift */,
				C88272CA1F85A58E006589DD /* ViewController.swift */,
				C88272CC1F85A58E006589DD /* Main.storyboard */,
				C88272CF1F85A58E006589DD /* Assets.xcassets */,
				C88272D11F85A58E006589DD /* LaunchScreen.storyboard */,
				C88272D41F85A58E006589DD /* Info.plist */,
				C88272F61F85A729006589DD /* GoogleService-Info.plist */,
				C81F09A11F871EA1009FBE93 /* ProductController.swift */,
				C81D255F1F8A8E7D0079BC20 /* ScanViewController.swift */,
				C81D25631F8AF0BB0079BC20 /* ReportViewController.swift */,
				C88503AA1F8B4397000577F1 /* SafetyPopUp.swift */,
				C88503AC1F8B43A9000577F1 /* RecallPopUp.swift */,
			);
			path = BNForm;
			sourceTree = "<group>";
		};
		C88272DC1F85A58E006589DD /* BNFormTests */ = {
			isa = PBXGroup;
			children = (
				C88272DD1F85A58E006589DD /* BNFormTests.swift */,
				C88272DF1F85A58E006589DD /* Info.plist */,
			);
			path = BNFormTests;
			sourceTree = "<group>";
		};
		C88272E71F85A58E006589DD /* BNFormUITests */ = {
			isa = PBXGroup;
			children = (
				C88272E81F85A58E006589DD /* BNFormUITests.swift */,
				C88272EA1F85A58E006589DD /* Info.plist */,
			);
			path = BNFormUITests;
			sourceTree = "<group>";
		};
		C8F27FC61F873DA00061DF05 /* Model */ = {
			isa = PBXGroup;
			children = (
				C8F27FC91F873E490061DF05 /* RecallProducts.swift */,
				C8F27FCB1F8741C10061DF05 /* SafeProducts.swift */,
				C81D25511F87F76C0079BC20 /* ProductSvc.swift */,
				C81D25531F87F7860079BC20 /* ProductSvcCache.swift */,
				C81D25551F87FE7F0079BC20 /* RecallSvc.swift */,
				C81D25571F87FE910079BC20 /* RecallSvcCache.swift */,
				C81D25611F8ADB540079BC20 /* dummy.txt */,
			);
			name = Model;
			sourceTree = "<group>";
		};
/* End PBXGroup section */

/* Begin PBXNativeTarget section */
		C88272C41F85A58E006589DD /* BNForm */ = {
			isa = PBXNativeTarget;
			buildConfigurationList = C88272ED1F85A58E006589DD /* Build configuration list for PBXNativeTarget "BNForm" */;
			buildPhases = (
				2E5F4ED943B60C356AF4B2FA /* [CP] Check Pods Manifest.lock */,
				C88272C11F85A58E006589DD /* Sources */,
				C88272C21F85A58E006589DD /* Frameworks */,
				C88272C31F85A58E006589DD /* Resources */,
				3906EBAFD5925B0BFA37FD31 /* [CP] Embed Pods Frameworks */,
				082CBAACA7310C6813C43132 /* [CP] Copy Pods Resources */,
			);
			buildRules = (
			);
			dependencies = (
			);
			name = BNForm;
			productName = BNForm;
			productReference = C88272C51F85A58E006589DD /* BNForm.app */;
			productType = "com.apple.product-type.application";
		};
		C88272D81F85A58E006589DD /* BNFormTests */ = {
			isa = PBXNativeTarget;
			buildConfigurationList = C88272F01F85A58E006589DD /* Build configuration list for PBXNativeTarget "BNFormTests" */;
			buildPhases = (
				245E75DBDA865ECF80C76F11 /* [CP] Check Pods Manifest.lock */,
				C88272D51F85A58E006589DD /* Sources */,
				C88272D61F85A58E006589DD /* Frameworks */,
				C88272D71F85A58E006589DD /* Resources */,
				4059DF516C8F327A54C0112C /* [CP] Embed Pods Frameworks */,
				F42CA2EDEAC7FE91D9BBF580 /* [CP] Copy Pods Resources */,
			);
			buildRules = (
			);
			dependencies = (
				C88272DB1F85A58E006589DD /* PBXTargetDependency */,
			);
			name = BNFormTests;
			productName = BNFormTests;
			productReference = C88272D91F85A58E006589DD /* BNFormTests.xctest */;
			productType = "com.apple.product-type.bundle.unit-test";
		};
		C88272E31F85A58E006589DD /* BNFormUITests */ = {
			isa = PBXNativeTarget;
			buildConfigurationList = C88272F31F85A58E006589DD /* Build configuration list for PBXNativeTarget "BNFormUITests" */;
			buildPhases = (
				C86F64FFF18C58CC7ED81D6E /* [CP] Check Pods Manifest.lock */,
				C88272E01F85A58E006589DD /* Sources */,
				C88272E11F85A58E006589DD /* Frameworks */,
				C88272E21F85A58E006589DD /* Resources */,
				0054442753935FE7E9BD576B /* [CP] Embed Pods Frameworks */,
				133EB8D477E0F60C2FBE5203 /* [CP] Copy Pods Resources */,
			);
			buildRules = (
			);
			dependencies = (
				C88272E61F85A58E006589DD /* PBXTargetDependency */,
			);
			name = BNFormUITests;
			productName = BNFormUITests;
			productReference = C88272E41F85A58E006589DD /* BNFormUITests.xctest */;
			productType = "com.apple.product-type.bundle.ui-testing";
		};
/* End PBXNativeTarget section */

/* Begin PBXProject section */
		C88272BD1F85A58E006589DD /* Project object */ = {
			isa = PBXProject;
			attributes = {
				LastSwiftUpdateCheck = 0830;
				LastUpgradeCheck = 0830;
				ORGANIZATIONNAME = dwilliams;
				TargetAttributes = {
					C88272C41F85A58E006589DD = {
						CreatedOnToolsVersion = 8.3.3;
						DevelopmentTeam = BU644T4498;
						ProvisioningStyle = Automatic;
						SystemCapabilities = {
							com.apple.Keychain = {
								enabled = 1;
							};
						};
					};
					C88272D81F85A58E006589DD = {
						CreatedOnToolsVersion = 8.3.3;
						DevelopmentTeam = BU644T4498;
						ProvisioningStyle = Automatic;
						TestTargetID = C88272C41F85A58E006589DD;
					};
					C88272E31F85A58E006589DD = {
						CreatedOnToolsVersion = 8.3.3;
						DevelopmentTeam = BU644T4498;
						ProvisioningStyle = Automatic;
						TestTargetID = C88272C41F85A58E006589DD;
					};
				};
			};
			buildConfigurationList = C88272C01F85A58E006589DD /* Build configuration list for PBXProject "BNForm" */;
			compatibilityVersion = "Xcode 3.2";
			developmentRegion = English;
			hasScannedForEncodings = 0;
			knownRegions = (
				en,
				Base,
			);
			mainGroup = C88272BC1F85A58E006589DD;
			productRefGroup = C88272C61F85A58E006589DD /* Products */;
			projectDirPath = "";
			projectRoot = "";
			targets = (
				C88272C41F85A58E006589DD /* BNForm */,
				C88272D81F85A58E006589DD /* BNFormTests */,
				C88272E31F85A58E006589DD /* BNFormUITests */,
			);
		};
/* End PBXProject section */

/* Begin PBXResourcesBuildPhase section */
		C88272C31F85A58E006589DD /* Resources */ = {
			isa = PBXResourcesBuildPhase;
			buildActionMask = 2147483647;
			files = (
				C88272D31F85A58E006589DD /* LaunchScreen.storyboard in Resources */,
				C88272F71F85A729006589DD /* GoogleService-Info.plist in Resources */,
				C81D25621F8ADB540079BC20 /* dummy.txt in Resources */,
				C88272D01F85A58E006589DD /* Assets.xcassets in Resources */,
				C88272CE1F85A58E006589DD /* Main.storyboard in Resources */,
			);
			runOnlyForDeploymentPostprocessing = 0;
		};
		C88272D71F85A58E006589DD /* Resources */ = {
			isa = PBXResourcesBuildPhase;
			buildActionMask = 2147483647;
			files = (
			);
			runOnlyForDeploymentPostprocessing = 0;
		};
		C88272E21F85A58E006589DD /* Resources */ = {
			isa = PBXResourcesBuildPhase;
			buildActionMask = 2147483647;
			files = (
			);
			runOnlyForDeploymentPostprocessing = 0;
		};
/* End PBXResourcesBuildPhase section */

/* Begin PBXShellScriptBuildPhase section */
		0054442753935FE7E9BD576B /* [CP] Embed Pods Frameworks */ = {
			isa = PBXShellScriptBuildPhase;
			buildActionMask = 2147483647;
			files = (
			);
			inputPaths = (
			);
			name = "[CP] Embed Pods Frameworks";
			outputPaths = (
			);
			runOnlyForDeploymentPostprocessing = 0;
			shellPath = /bin/sh;
			shellScript = "\"${SRCROOT}/Pods/Target Support Files/Pods-BNFormUITests/Pods-BNFormUITests-frameworks.sh\"\n";
			showEnvVarsInLog = 0;
		};
		082CBAACA7310C6813C43132 /* [CP] Copy Pods Resources */ = {
			isa = PBXShellScriptBuildPhase;
			buildActionMask = 2147483647;
			files = (
			);
			inputPaths = (
			);
			name = "[CP] Copy Pods Resources";
			outputPaths = (
			);
			runOnlyForDeploymentPostprocessing = 0;
			shellPath = /bin/sh;
			shellScript = "\"${SRCROOT}/Pods/Target Support Files/Pods-BNForm/Pods-BNForm-resources.sh\"\n";
			showEnvVarsInLog = 0;
		};
		133EB8D477E0F60C2FBE5203 /* [CP] Copy Pods Resources */ = {
			isa = PBXShellScriptBuildPhase;
			buildActionMask = 2147483647;
			files = (
			);
			inputPaths = (
			);
			name = "[CP] Copy Pods Resources";
			outputPaths = (
			);
			runOnlyForDeploymentPostprocessing = 0;
			shellPath = /bin/sh;
			shellScript = "\"${SRCROOT}/Pods/Target Support Files/Pods-BNFormUITests/Pods-BNFormUITests-resources.sh\"\n";
			showEnvVarsInLog = 0;
		};
		245E75DBDA865ECF80C76F11 /* [CP] Check Pods Manifest.lock */ = {
			isa = PBXShellScriptBuildPhase;
			buildActionMask = 2147483647;
			files = (
			);
			inputPaths = (
				"${PODS_PODFILE_DIR_PATH}/Podfile.lock",
				"${PODS_ROOT}/Manifest.lock",
			);
			name = "[CP] Check Pods Manifest.lock";
			outputPaths = (
				"$(DERIVED_FILE_DIR)/Pods-BNFormTests-checkManifestLockResult.txt",
			);
			runOnlyForDeploymentPostprocessing = 0;
			shellPath = /bin/sh;
			shellScript = "diff \"${PODS_PODFILE_DIR_PATH}/Podfile.lock\" \"${PODS_ROOT}/Manifest.lock\" > /dev/null\nif [ $? != 0 ] ; then\n    # print error to STDERR\n    echo \"error: The sandbox is not in sync with the Podfile.lock. Run 'pod install' or update your CocoaPods installation.\" >&2\n    exit 1\nfi\n# This output is used by Xcode 'outputs' to avoid re-running this script phase.\necho \"SUCCESS\" > \"${SCRIPT_OUTPUT_FILE_0}\"\n";
			showEnvVarsInLog = 0;
		};
		2E5F4ED943B60C356AF4B2FA /* [CP] Check Pods Manifest.lock */ = {
			isa = PBXShellScriptBuildPhase;
			buildActionMask = 2147483647;
			files = (
			);
			inputPaths = (
				"${PODS_PODFILE_DIR_PATH}/Podfile.lock",
				"${PODS_ROOT}/Manifest.lock",
			);
			name = "[CP] Check Pods Manifest.lock";
			outputPaths = (
				"$(DERIVED_FILE_DIR)/Pods-BNForm-checkManifestLockResult.txt",
			);
			runOnlyForDeploymentPostprocessing = 0;
			shellPath = /bin/sh;
			shellScript = "diff \"${PODS_PODFILE_DIR_PATH}/Podfile.lock\" \"${PODS_ROOT}/Manifest.lock\" > /dev/null\nif [ $? != 0 ] ; then\n    # print error to STDERR\n    echo \"error: The sandbox is not in sync with the Podfile.lock. Run 'pod install' or update your CocoaPods installation.\" >&2\n    exit 1\nfi\n# This output is used by Xcode 'outputs' to avoid re-running this script phase.\necho \"SUCCESS\" > \"${SCRIPT_OUTPUT_FILE_0}\"\n";
			showEnvVarsInLog = 0;
		};
		3906EBAFD5925B0BFA37FD31 /* [CP] Embed Pods Frameworks */ = {
			isa = PBXShellScriptBuildPhase;
			buildActionMask = 2147483647;
			files = (
			);
			inputPaths = (
				"${SRCROOT}/Pods/Target Support Files/Pods-BNForm/Pods-BNForm-frameworks.sh",
				"${BUILT_PRODUCTS_DIR}/Bolts/Bolts.framework",
				"${BUILT_PRODUCTS_DIR}/FBSDKCoreKit/FBSDKCoreKit.framework",
				"${BUILT_PRODUCTS_DIR}/FBSDKLoginKit/FBSDKLoginKit.framework",
				"${BUILT_PRODUCTS_DIR}/FBSDKShareKit/FBSDKShareKit.framework",
				"${BUILT_PRODUCTS_DIR}/GTMSessionFetcher/GTMSessionFetcher.framework",
				"${BUILT_PRODUCTS_DIR}/GoogleToolboxForMac/GoogleToolboxForMac.framework",
				"${BUILT_PRODUCTS_DIR}/nanopb/nanopb.framework",
			);
			name = "[CP] Embed Pods Frameworks";
			outputPaths = (
				"${TARGET_BUILD_DIR}/${FRAMEWORKS_FOLDER_PATH}/Bolts.framework",
				"${TARGET_BUILD_DIR}/${FRAMEWORKS_FOLDER_PATH}/FBSDKCoreKit.framework",
				"${TARGET_BUILD_DIR}/${FRAMEWORKS_FOLDER_PATH}/FBSDKLoginKit.framework",
				"${TARGET_BUILD_DIR}/${FRAMEWORKS_FOLDER_PATH}/FBSDKShareKit.framework",
				"${TARGET_BUILD_DIR}/${FRAMEWORKS_FOLDER_PATH}/GTMSessionFetcher.framework",
				"${TARGET_BUILD_DIR}/${FRAMEWORKS_FOLDER_PATH}/GoogleToolboxForMac.framework",
				"${TARGET_BUILD_DIR}/${FRAMEWORKS_FOLDER_PATH}/nanopb.framework",
			);
			runOnlyForDeploymentPostprocessing = 0;
			shellPath = /bin/sh;
			shellScript = "\"${SRCROOT}/Pods/Target Support Files/Pods-BNForm/Pods-BNForm-frameworks.sh\"\n";
			showEnvVarsInLog = 0;
		};
		4059DF516C8F327A54C0112C /* [CP] Embed Pods Frameworks */ = {
			isa = PBXShellScriptBuildPhase;
			buildActionMask = 2147483647;
			files = (
			);
			inputPaths = (
			);
			name = "[CP] Embed Pods Frameworks";
			outputPaths = (
			);
			runOnlyForDeploymentPostprocessing = 0;
			shellPath = /bin/sh;
			shellScript = "\"${SRCROOT}/Pods/Target Support Files/Pods-BNFormTests/Pods-BNFormTests-frameworks.sh\"\n";
			showEnvVarsInLog = 0;
		};
		C86F64FFF18C58CC7ED81D6E /* [CP] Check Pods Manifest.lock */ = {
			isa = PBXShellScriptBuildPhase;
			buildActionMask = 2147483647;
			files = (
			);
			inputPaths = (
				"${PODS_PODFILE_DIR_PATH}/Podfile.lock",
				"${PODS_ROOT}/Manifest.lock",
			);
			name = "[CP] Check Pods Manifest.lock";
			outputPaths = (
				"$(DERIVED_FILE_DIR)/Pods-BNFormUITests-checkManifestLockResult.txt",
			);
			runOnlyForDeploymentPostprocessing = 0;
			shellPath = /bin/sh;
			shellScript = "diff \"${PODS_PODFILE_DIR_PATH}/Podfile.lock\" \"${PODS_ROOT}/Manifest.lock\" > /dev/null\nif [ $? != 0 ] ; then\n    # print error to STDERR\n    echo \"error: The sandbox is not in sync with the Podfile.lock. Run 'pod install' or update your CocoaPods installation.\" >&2\n    exit 1\nfi\n# This output is used by Xcode 'outputs' to avoid re-running this script phase.\necho \"SUCCESS\" > \"${SCRIPT_OUTPUT_FILE_0}\"\n";
			showEnvVarsInLog = 0;
		};
		F42CA2EDEAC7FE91D9BBF580 /* [CP] Copy Pods Resources */ = {
			isa = PBXShellScriptBuildPhase;
			buildActionMask = 2147483647;
			files = (
			);
			inputPaths = (
			);
			name = "[CP] Copy Pods Resources";
			outputPaths = (
			);
			runOnlyForDeploymentPostprocessing = 0;
			shellPath = /bin/sh;
			shellScript = "\"${SRCROOT}/Pods/Target Support Files/Pods-BNFormTests/Pods-BNFormTests-resources.sh\"\n";
			showEnvVarsInLog = 0;
		};
/* End PBXShellScriptBuildPhase section */

/* Begin PBXSourcesBuildPhase section */
		C88272C11F85A58E006589DD /* Sources */ = {
			isa = PBXSourcesBuildPhase;
			buildActionMask = 2147483647;
			files = (
				C88503AD1F8B43A9000577F1 /* RecallPopUp.swift in Sources */,
				C88503AB1F8B4397000577F1 /* SafetyPopUp.swift in Sources */,
				C81F09A21F871EA1009FBE93 /* ProductController.swift in Sources */,
				C81D25581F87FE910079BC20 /* RecallSvcCache.swift in Sources */,
				C81D25561F87FE7F0079BC20 /* RecallSvc.swift in Sources */,
				C88272CB1F85A58E006589DD /* ViewController.swift in Sources */,
				C81D25641F8AF0BB0079BC20 /* ReportViewController.swift in Sources */,
				C81D25521F87F76C0079BC20 /* ProductSvc.swift in Sources */,
				C8F27FCC1F8741C10061DF05 /* SafeProducts.swift in Sources */,
				C88272C91F85A58E006589DD /* AppDelegate.swift in Sources */,
				C81D25541F87F7860079BC20 /* ProductSvcCache.swift in Sources */,
				C8F27FCA1F873E490061DF05 /* RecallProducts.swift in Sources */,
				C81D25601F8A8E7D0079BC20 /* ScanViewController.swift in Sources */,
			);
			runOnlyForDeploymentPostprocessing = 0;
		};
		C88272D51F85A58E006589DD /* Sources */ = {
			isa = PBXSourcesBuildPhase;
			buildActionMask = 2147483647;
			files = (
				C88272DE1F85A58E006589DD /* BNFormTests.swift in Sources */,
			);
			runOnlyForDeploymentPostprocessing = 0;
		};
		C88272E01F85A58E006589DD /* Sources */ = {
			isa = PBXSourcesBuildPhase;
			buildActionMask = 2147483647;
			files = (
				C88272E91F85A58E006589DD /* BNFormUITests.swift in Sources */,
			);
			runOnlyForDeploymentPostprocessing = 0;
		};
/* End PBXSourcesBuildPhase section */

/* Begin PBXTargetDependency section */
		C88272DB1F85A58E006589DD /* PBXTargetDependency */ = {
			isa = PBXTargetDependency;
			target = C88272C41F85A58E006589DD /* BNForm */;
			targetProxy = C88272DA1F85A58E006589DD /* PBXContainerItemProxy */;
		};
		C88272E61F85A58E006589DD /* PBXTargetDependency */ = {
			isa = PBXTargetDependency;
			target = C88272C41F85A58E006589DD /* BNForm */;
			targetProxy = C88272E51F85A58E006589DD /* PBXContainerItemProxy */;
		};
/* End PBXTargetDependency section */

/* Begin PBXVariantGroup section */
		C88272CC1F85A58E006589DD /* Main.storyboard */ = {
			isa = PBXVariantGroup;
			children = (
				C88272CD1F85A58E006589DD /* Base */,
			);
			name = Main.storyboard;
			sourceTree = "<group>";
		};
		C88272D11F85A58E006589DD /* LaunchScreen.storyboard */ = {
			isa = PBXVariantGroup;
			children = (
				C88272D21F85A58E006589DD /* Base */,
			);
			name = LaunchScreen.storyboard;
			sourceTree = "<group>";
		};
/* End PBXVariantGroup section */

/* Begin XCBuildConfiguration section */
		C88272EB1F85A58E006589DD /* Debug */ = {
			isa = XCBuildConfiguration;
			buildSettings = {
				ALWAYS_SEARCH_USER_PATHS = NO;
				CLANG_ANALYZER_NONNULL = YES;
				CLANG_ANALYZER_NUMBER_OBJECT_CONVERSION = YES_AGGRESSIVE;
				CLANG_CXX_LANGUAGE_STANDARD = "gnu++0x";
				CLANG_CXX_LIBRARY = "libc++";
				CLANG_ENABLE_MODULES = YES;
				CLANG_ENABLE_OBJC_ARC = YES;
				CLANG_WARN_BOOL_CONVERSION = YES;
				CLANG_WARN_CONSTANT_CONVERSION = YES;
				CLANG_WARN_DIRECT_OBJC_ISA_USAGE = YES_ERROR;
				CLANG_WARN_DOCUMENTATION_COMMENTS = YES;
				CLANG_WARN_EMPTY_BODY = YES;
				CLANG_WARN_ENUM_CONVERSION = YES;
				CLANG_WARN_INFINITE_RECURSION = YES;
				CLANG_WARN_INT_CONVERSION = YES;
				CLANG_WARN_OBJC_ROOT_CLASS = YES_ERROR;
				CLANG_WARN_SUSPICIOUS_MOVE = YES;
				CLANG_WARN_UNREACHABLE_CODE = YES;
				CLANG_WARN__DUPLICATE_METHOD_MATCH = YES;
				"CODE_SIGN_IDENTITY[sdk=iphoneos*]" = "iPhone Developer";
				COPY_PHASE_STRIP = NO;
				DEBUG_INFORMATION_FORMAT = dwarf;
				ENABLE_STRICT_OBJC_MSGSEND = YES;
				ENABLE_TESTABILITY = YES;
				GCC_C_LANGUAGE_STANDARD = gnu99;
				GCC_DYNAMIC_NO_PIC = NO;
				GCC_NO_COMMON_BLOCKS = YES;
				GCC_OPTIMIZATION_LEVEL = 0;
				GCC_PREPROCESSOR_DEFINITIONS = (
					"DEBUG=1",
					"$(inherited)",
				);
				GCC_WARN_64_TO_32_BIT_CONVERSION = YES;
				GCC_WARN_ABOUT_RETURN_TYPE = YES_ERROR;
				GCC_WARN_UNDECLARED_SELECTOR = YES;
				GCC_WARN_UNINITIALIZED_AUTOS = YES_AGGRESSIVE;
				GCC_WARN_UNUSED_FUNCTION = YES;
				GCC_WARN_UNUSED_VARIABLE = YES;
				IPHONEOS_DEPLOYMENT_TARGET = 10.3;
				MTL_ENABLE_DEBUG_INFO = YES;
				ONLY_ACTIVE_ARCH = YES;
				SDKROOT = iphoneos;
				SWIFT_ACTIVE_COMPILATION_CONDITIONS = DEBUG;
				SWIFT_OPTIMIZATION_LEVEL = "-Onone";
			};
			name = Debug;
		};
		C88272EC1F85A58E006589DD /* Release */ = {
			isa = XCBuildConfiguration;
			buildSettings = {
				ALWAYS_SEARCH_USER_PATHS = NO;
				CLANG_ANALYZER_NONNULL = YES;
				CLANG_ANALYZER_NUMBER_OBJECT_CONVERSION = YES_AGGRESSIVE;
				CLANG_CXX_LANGUAGE_STANDARD = "gnu++0x";
				CLANG_CXX_LIBRARY = "libc++";
				CLANG_ENABLE_MODULES = YES;
				CLANG_ENABLE_OBJC_ARC = YES;
				CLANG_WARN_BOOL_CONVERSION = YES;
				CLANG_WARN_CONSTANT_CONVERSION = YES;
				CLANG_WARN_DIRECT_OBJC_ISA_USAGE = YES_ERROR;
				CLANG_WARN_DOCUMENTATION_COMMENTS = YES;
				CLANG_WARN_EMPTY_BODY = YES;
				CLANG_WARN_ENUM_CONVERSION = YES;
				CLANG_WARN_INFINITE_RECURSION = YES;
				CLANG_WARN_INT_CONVERSION = YES;
				CLANG_WARN_OBJC_ROOT_CLASS = YES_ERROR;
				CLANG_WARN_SUSPICIOUS_MOVE = YES;
				CLANG_WARN_UNREACHABLE_CODE = YES;
				CLANG_WARN__DUPLICATE_METHOD_MATCH = YES;
				"CODE_SIGN_IDENTITY[sdk=iphoneos*]" = "iPhone Developer";
				COPY_PHASE_STRIP = NO;
				DEBUG_INFORMATION_FORMAT = "dwarf-with-dsym";
				ENABLE_NS_ASSERTIONS = NO;
				ENABLE_STRICT_OBJC_MSGSEND = YES;
				GCC_C_LANGUAGE_STANDARD = gnu99;
				GCC_NO_COMMON_BLOCKS = YES;
				GCC_WARN_64_TO_32_BIT_CONVERSION = YES;
				GCC_WARN_ABOUT_RETURN_TYPE = YES_ERROR;
				GCC_WARN_UNDECLARED_SELECTOR = YES;
				GCC_WARN_UNINITIALIZED_AUTOS = YES_AGGRESSIVE;
				GCC_WARN_UNUSED_FUNCTION = YES;
				GCC_WARN_UNUSED_VARIABLE = YES;
				IPHONEOS_DEPLOYMENT_TARGET = 10.3;
				MTL_ENABLE_DEBUG_INFO = NO;
				SDKROOT = iphoneos;
				SWIFT_OPTIMIZATION_LEVEL = "-Owholemodule";
				VALIDATE_PRODUCT = YES;
			};
			name = Release;
		};
		C88272EE1F85A58E006589DD /* Debug */ = {
			isa = XCBuildConfiguration;
			baseConfigurationReference = C7BBAA5877F6B14020DAB24A /* Pods-BNForm.debug.xcconfig */;
			buildSettings = {
				ASSETCATALOG_COMPILER_APPICON_NAME = AppIcon;
				CODE_SIGN_ENTITLEMENTS = BNForm/BNForm.entitlements;
				DEVELOPMENT_TEAM = BU644T4498;
				INFOPLIST_FILE = BNForm/Info.plist;
				LD_RUNPATH_SEARCH_PATHS = "$(inherited) @executable_path/Frameworks";
				PRODUCT_BUNDLE_IDENTIFIER = com.consumer.BNForm;
				PRODUCT_NAME = "$(TARGET_NAME)";
				SWIFT_VERSION = 3.0;
			};
			name = Debug;
		};
		C88272EF1F85A58E006589DD /* Release */ = {
			isa = XCBuildConfiguration;
			baseConfigurationReference = 2818DE923EDFFD9B957A3FB8 /* Pods-BNForm.release.xcconfig */;
			buildSettings = {
				ASSETCATALOG_COMPILER_APPICON_NAME = AppIcon;
				CODE_SIGN_ENTITLEMENTS = BNForm/BNForm.entitlements;
				DEVELOPMENT_TEAM = BU644T4498;
				INFOPLIST_FILE = BNForm/Info.plist;
				LD_RUNPATH_SEARCH_PATHS = "$(inherited) @executable_path/Frameworks";
				PRODUCT_BUNDLE_IDENTIFIER = com.consumer.BNForm;
				PRODUCT_NAME = "$(TARGET_NAME)";
				SWIFT_VERSION = 3.0;
			};
			name = Release;
		};
		C88272F11F85A58E006589DD /* Debug */ = {
			isa = XCBuildConfiguration;
			baseConfigurationReference = 164BD71FEFD3F52C3AC98EA0 /* Pods-BNFormTests.debug.xcconfig */;
			buildSettings = {
				ALWAYS_EMBED_SWIFT_STANDARD_LIBRARIES = YES;
				BUNDLE_LOADER = "$(TEST_HOST)";
				DEVELOPMENT_TEAM = BU644T4498;
				INFOPLIST_FILE = BNFormTests/Info.plist;
				LD_RUNPATH_SEARCH_PATHS = "$(inherited) @executable_path/Frameworks @loader_path/Frameworks";
				PRODUCT_BUNDLE_IDENTIFIER = com.consumer.BNFormTests;
				PRODUCT_NAME = "$(TARGET_NAME)";
				SWIFT_VERSION = 3.0;
				TEST_HOST = "$(BUILT_PRODUCTS_DIR)/BNForm.app/BNForm";
			};
			name = Debug;
		};
		C88272F21F85A58E006589DD /* Release */ = {
			isa = XCBuildConfiguration;
			baseConfigurationReference = DCE7CE3422323D5F74EA0AB6 /* Pods-BNFormTests.release.xcconfig */;
			buildSettings = {
				ALWAYS_EMBED_SWIFT_STANDARD_LIBRARIES = YES;
				BUNDLE_LOADER = "$(TEST_HOST)";
				DEVELOPMENT_TEAM = BU644T4498;
				INFOPLIST_FILE = BNFormTests/Info.plist;
				LD_RUNPATH_SEARCH_PATHS = "$(inherited) @executable_path/Frameworks @loader_path/Frameworks";
				PRODUCT_BUNDLE_IDENTIFIER = com.consumer.BNFormTests;
				PRODUCT_NAME = "$(TARGET_NAME)";
				SWIFT_VERSION = 3.0;
				TEST_HOST = "$(BUILT_PRODUCTS_DIR)/BNForm.app/BNForm";
			};
			name = Release;
		};
		C88272F41F85A58E006589DD /* Debug */ = {
			isa = XCBuildConfiguration;
			baseConfigurationReference = 3B2095F631D38B17C96ECD97 /* Pods-BNFormUITests.debug.xcconfig */;
			buildSettings = {
				ALWAYS_EMBED_SWIFT_STANDARD_LIBRARIES = YES;
				DEVELOPMENT_TEAM = BU644T4498;
				INFOPLIST_FILE = BNFormUITests/Info.plist;
				LD_RUNPATH_SEARCH_PATHS = "$(inherited) @executable_path/Frameworks @loader_path/Frameworks";
				PRODUCT_BUNDLE_IDENTIFIER = com.consumer.BNFormUITests;
				PRODUCT_NAME = "$(TARGET_NAME)";
				SWIFT_VERSION = 3.0;
				TEST_TARGET_NAME = BNForm;
			};
			name = Debug;
		};
		C88272F51F85A58E006589DD /* Release */ = {
			isa = XCBuildConfiguration;
			baseConfigurationReference = 77FB8A9E5172CBFB33CFF521 /* Pods-BNFormUITests.release.xcconfig */;
			buildSettings = {
				ALWAYS_EMBED_SWIFT_STANDARD_LIBRARIES = YES;
				DEVELOPMENT_TEAM = BU644T4498;
				INFOPLIST_FILE = BNFormUITests/Info.plist;
				LD_RUNPATH_SEARCH_PATHS = "$(inherited) @executable_path/Frameworks @loader_path/Frameworks";
				PRODUCT_BUNDLE_IDENTIFIER = com.consumer.BNFormUITests;
				PRODUCT_NAME = "$(TARGET_NAME)";
				SWIFT_VERSION = 3.0;
				TEST_TARGET_NAME = BNForm;
			};
			name = Release;
		};
/* End XCBuildConfiguration section */

/* Begin XCConfigurationList section */
		C88272C01F85A58E006589DD /* Build configuration list for PBXProject "BNForm" */ = {
			isa = XCConfigurationList;
			buildConfigurations = (
				C88272EB1F85A58E006589DD /* Debug */,
				C88272EC1F85A58E006589DD /* Release */,
			);
			defaultConfigurationIsVisible = 0;
			defaultConfigurationName = Release;
		};
		C88272ED1F85A58E006589DD /* Build configuration list for PBXNativeTarget "BNForm" */ = {
			isa = XCConfigurationList;
			buildConfigurations = (
				C88272EE1F85A58E006589DD /* Debug */,
				C88272EF1F85A58E006589DD /* Release */,
			);
			defaultConfigurationIsVisible = 0;
			defaultConfigurationName = Release;
		};
		C88272F01F85A58E006589DD /* Build configuration list for PBXNativeTarget "BNFormTests" */ = {
			isa = XCConfigurationList;
			buildConfigurations = (
				C88272F11F85A58E006589DD /* Debug */,
				C88272F21F85A58E006589DD /* Release */,
			);
			defaultConfigurationIsVisible = 0;
			defaultConfigurationName = Release;
		};
		C88272F31F85A58E006589DD /* Build configuration list for PBXNativeTarget "BNFormUITests" */ = {
			isa = XCConfigurationList;
			buildConfigurations = (
				C88272F41F85A58E006589DD /* Debug */,
				C88272F51F85A58E006589DD /* Release */,
			);
			defaultConfigurationIsVisible = 0;
			defaultConfigurationName = Release;
		};
/* End XCConfigurationList section */
	};
	rootObject = C88272BD1F85A58E006589DD /* Project object */;
}
